
Microsoft Visual Studio Solution File, Format Version 12.00
# Visual Studio Version 17
VisualStudioVersion = 17.14.36221.1 d17.14
MinimumVisualStudioVersion = 10.0.40219.1
Project("{FAE04EC0-301F-11D3-BF4B-00C04F79EFBC}") = "WebApiPlayground", "WebApiPlayground.csproj", "{1C5D64E1-99EB-45CC-AA1D-2F57A274594E}"
EndProject
Global
	GlobalSection(SolutionConfigurationPlatforms) = preSolution
		Debug|Any CPU = Debug|Any CPU
		Release|Any CPU = Release|Any CPU
	EndGlobalSection
	GlobalSection(ProjectConfigurationPlatforms) = postSolution
		{1C5D64E1-99EB-45CC-AA1D-2F57A274594E}.Debug|Any CPU.ActiveCfg = Debug|Any CPU
		{1C5D64E1-99EB-45CC-AA1D-2F57A274594E}.Debug|Any CPU.Build.0 = Debug|Any CPU
		{1C5D64E1-99EB-45CC-AA1D-2F57A274594E}.Release|Any CPU.ActiveCfg = Release|Any CPU
		{1C5D64E1-99EB-45CC-AA1D-2F57A274594E}.Release|Any CPU.Build.0 = Release|Any CPU
	EndGlobalSection
	GlobalSection(SolutionProperties) = preSolution
		HideSolutionNode = FALSE
	EndGlobalSection
	GlobalSection(ExtensibilityGlobals) = postSolution
		SolutionGuid = {A80C845F-BE8D-4762-98DF-C32EB3ED88FC}
	EndGlobalSection
EndGlobal
